
Microsoft Visual Studio Solution File, Format Version 12.00
# Visual Studio Version 17
VisualStudioVersion = 17.3.32825.248
MinimumVisualStudioVersion = 10.0.40219.1
Project("{FAE04EC0-301F-11D3-BF4B-00C04F79EFBC}") = "Lab2", "Lab2\Lab2.csproj", "{F17520AF-F499-460E-9F46-4CBF7D2FAF80}"
EndProject
Global
	GlobalSection(SolutionConfigurationPlatforms) = preSolution
		Debug|Any CPU = Debug|Any CPU
		Release|Any CPU = Release|Any CPU
	EndGlobalSection
	GlobalSection(ProjectConfigurationPlatforms) = postSolution
		{F17520AF-F499-460E-9F46-4CBF7D2FAF80}.Debug|Any CPU.ActiveCfg = Debug|Any CPU
		{F17520AF-F499-460E-9F46-4CBF7D2FAF80}.Debug|Any CPU.Build.0 = Debug|Any CPU
		{F17520AF-F499-460E-9F46-4CBF7D2FAF80}.Release|Any CPU.ActiveCfg = Release|Any CPU
		{F17520AF-F499-460E-9F46-4CBF7D2FAF80}.Release|Any CPU.Build.0 = Release|Any CPU
	EndGlobalSection
	GlobalSection(SolutionProperties) = preSolution
		HideSolutionNode = FALSE
	EndGlobalSection
	GlobalSection(ExtensibilityGlobals) = postSolution
		SolutionGuid = {B663A9F4-99FA-4E21-AE12-3EBCEB52D0CB}
	EndGlobalSection
EndGlobal
